
Microsoft Visual Studio Solution File, Format Version 12.00
# Visual Studio 15
VisualStudioVersion = 15.0.27428.1
MinimumVisualStudioVersion = 10.0.40219.1
Project("{FAE04EC0-301F-11D3-BF4B-00C04F79EFBC}") = "jujube_linebot", "jujube_linebot\jujube_linebot.csproj", "{37E55F37-DC58-4755-860B-454EA1D4BDDF}"
EndProject
Project("{FAE04EC0-301F-11D3-BF4B-00C04F79EFBC}") = "JujubeDataLibray", "JujubeDataLibray\JujubeDataLibray.csproj", "{91495318-5AA4-4409-83A4-86E456773FA8}"
EndProject
Global
	GlobalSection(SolutionConfigurationPlatforms) = preSolution
		Debug|Any CPU = Debug|Any CPU
		Release|Any CPU = Release|Any CPU
	EndGlobalSection
	GlobalSection(ProjectConfigurationPlatforms) = postSolution
		{37E55F37-DC58-4755-860B-454EA1D4BDDF}.Debug|Any CPU.ActiveCfg = Debug|Any CPU
		{37E55F37-DC58-4755-860B-454EA1D4BDDF}.Debug|Any CPU.Build.0 = Debug|Any CPU
		{37E55F37-DC58-4755-860B-454EA1D4BDDF}.Release|Any CPU.ActiveCfg = Release|Any CPU
		{37E55F37-DC58-4755-860B-454EA1D4BDDF}.Release|Any CPU.Build.0 = Release|Any CPU
		{91495318-5AA4-4409-83A4-86E456773FA8}.Debug|Any CPU.ActiveCfg = Debug|Any CPU
		{91495318-5AA4-4409-83A4-86E456773FA8}.Debug|Any CPU.Build.0 = Debug|Any CPU
		{91495318-5AA4-4409-83A4-86E456773FA8}.Release|Any CPU.ActiveCfg = Release|Any CPU
		{91495318-5AA4-4409-83A4-86E456773FA8}.Release|Any CPU.Build.0 = Release|Any CPU
	EndGlobalSection
	GlobalSection(SolutionProperties) = preSolution
		HideSolutionNode = FALSE
	EndGlobalSection
	GlobalSection(ExtensibilityGlobals) = postSolution
		SolutionGuid = {CB3C8810-C24B-44AE-AC8C-BE7006942209}
	EndGlobalSection
EndGlobal
